{
  "version": 4,
  "terraform_version": "1.6.4",
  "serial": 74,
  "lineage": "9cc6bacd-0fac-0f5c-04e0-7b435c56e312",
  "outputs": {},
  "resources": [
    {
      "mode": "managed",
      "type": "vultr_ssh_key",
      "name": "example",
      "provider": "provider[\"registry.terraform.io/vultr/vultr\"]",
      "instances": [
        {
          "schema_version": 0,
          "attributes": {
            "date_created": "2023-11-30T14:29:11+00:00",
            "id": "44b10a8d-099d-45e3-950e-5fe2c2574d4f",
            "name": "example created from terraform",
            "ssh_key": "ssh-rsa AAAAB3NzaC1yc2EAAAADAQABAAACAQDWeK+xZixocqhqgCGPOKHt2qhm6TzbT24qWbE/XOI7uXEsFhsQkLbdI6CQp9Mmu8LCLqsj59PbJOnUFVCwKp+N+V5GjzxordVelffIveYKkqeh05E+6BxbyNeit25wyQIGZ/ELBPuHN3izGI0nOdjSoQ9fEy8GyjHMWOul3A4w8g3F9zB0DJf7/AL9cwiuiqEB57Vj4EIgxYPQK2y26sLV1Ot8xOatm5KuoHRmvwxpcnkfjNV/MRaFzAYW1GwKSWOApDfDzrzrAMc////8DhpkEJ1GNQjVknNsBKwPe4kprVRHALNUBB3NzjS1S8n64mh0UbhQcraI6RkYV7+sNw48JpQMpanTU3URbobzufBSr5dRtbrLsLfGc22l4cuONUIr+jl4/jbddOlUMR8wHWc57g8frEXHm+CveBrpnvg52h0bUpdwWKpZl15Ns1u+4j/7sY0xKlkHZklKvUWv63n4xuF45SKvUyz4AOhaohgosLJ4AIC3P+AGph8pi/gDrooMDCgNOoTlWa4nhoWu2Ey36I00n/L01vzZWjJcUUrd3y3+4Wn6WEhZ+ZrMJLnAgzt9c3BBoWRwkFEENtlNGT/AOjYUy5HGBpb7wxEd6/y7eyBtDAH5sAXFgivj9MI53rSyvAOzl6tRZaaJXEeGhnG4ea3wl6GP+0nJEsKV/haZmw== terraform example"
          },
          "sensitive_attributes": [],
          "private": "bnVsbA=="
        }
      ]
    },
    {
      "mode": "managed",
      "type": "vultr_startup_script",
      "name": "my_script",
      "provider": "provider[\"registry.terraform.io/vultr/vultr\"]",
      "instances": [
        {
          "schema_version": 0,
          "attributes": {
            "date_created": "2023-11-30T14:29:11+00:00",
            "date_modified": "2023-11-30T14:29:11+00:00",
            "id": "d1e521f5-078e-419c-b72f-c5405f70e708",
            "name": "install docker",
            "script": "IGVjaG8gImhlbGxvIg==",
            "type": "boot"
          },
          "sensitive_attributes": [],
          "private": "bnVsbA=="
        }
      ]
    }
  ],
  "check_results": null
}
