{
  "version": 4,
  "terraform_version": "1.6.4",
  "serial": 59,
  "lineage": "181ee1ef-d5f5-669f-0257-c96c6b9db1bd",
  "outputs": {},
  "resources": [
    {
      "mode": "managed",
      "type": "vultr_instance",
      "name": "example_server",
      "provider": "provider[\"registry.terraform.io/vultr/vultr\"]",
      "instances": [
        {
          "index_key": 0,
          "status": "tainted",
          "schema_version": 0,
          "attributes": {
            "activation_email": null,
            "allowed_bandwidth": 1,
            "app_id": 0,
            "backups": "disabled",
            "backups_schedule": [],
            "date_created": "2023-11-30T15:29:10+00:00",
            "ddos_protection": false,
            "default_password": "Qv6}iKSbVX[Ge6*G",
            "disk": 25,
            "enable_ipv6": null,
            "features": [],
            "firewall_group_id": "",
            "gateway_v4": "95.179.252.1",
            "hostname": "docker-vm",
            "id": "90b4ee63-6cd0-4d90-b75c-00cafd80209d",
            "image_id": null,
            "internal_ip": "",
            "iso_id": null,
            "kvm": "https://my.vultr.com/subs/vps/novnc/api.php?data=djJ8bmxWRzBlSXkxZFdZWUh3TlhBak9kbU1HQVI1LXNzMWx8U8bU1ILNXGQP3g9iSAN-ErWLStNMW8g-TGMbQ1-W3GpgeAk037etSIJAjbKxZAXwd6GCnueUni_vxVQaJ2ap-UeHn-VX2XwCK6KdPiHGEyZfGP8LxObhd364k3I2YuToD5bD2PVTlXIdpAlh7ffkaVw247OLQvqHahNBcE-IHrURWLYAvwxjXre5A6-do9rSIP23WGpO069TswC98TCe03J91mU",
            "label": "example-instance-1",
            "main_ip": "95.179.253.72",
            "netmask_v4": "255.255.254.0",
            "os": "Ubuntu 22.04 x64",
            "os_id": 1743,
            "plan": "vc2-1c-1gb",
            "power_status": "stopped",
            "private_network_ids": [],
            "ram": 1024,
            "region": "fra",
            "reserved_ip_id": null,
            "script_id": null,
            "server_status": "locked",
            "snapshot_id": null,
            "ssh_key_ids": null,
            "status": "active",
            "tags": [],
            "timeouts": null,
            "user_data": null,
            "v6_main_ip": "",
            "v6_network": "",
            "v6_network_size": 0,
            "vcpu_count": 1,
            "vpc2_ids": null,
            "vpc_ids": []
          },
          "sensitive_attributes": [],
          "private": "eyJlMmJmYjczMC1lY2FhLTExZTYtOGY4OC0zNDM2M2JjN2M0YzAiOnsiY3JlYXRlIjozNjAwMDAwMDAwMDAwLCJ1cGRhdGUiOjM2MDAwMDAwMDAwMDB9fQ=="
        },
        {
          "index_key": 1,
          "status": "tainted",
          "schema_version": 0,
          "attributes": {
            "activation_email": null,
            "allowed_bandwidth": 1,
            "app_id": 0,
            "backups": "disabled",
            "backups_schedule": [],
            "date_created": "2023-11-30T15:29:10+00:00",
            "ddos_protection": false,
            "default_password": "]4XzC-[.7L@Z_#Y8",
            "disk": 25,
            "enable_ipv6": null,
            "features": [],
            "firewall_group_id": "",
            "gateway_v4": "45.76.86.1",
            "hostname": "docker-vm",
            "id": "ada82d59-fb90-471c-a54d-149f289657ce",
            "image_id": null,
            "internal_ip": "",
            "iso_id": null,
            "kvm": "https://my.vultr.com/subs/vps/novnc/api.php?data=djJ8MFVYbll3bVNYRkQ4dlptMm5BSXBJNHp0TTlBT1BhWVJ89KSxI93XLbslc3AaNRZQZUZsxrEGo08gM4Po8mslQ78xN9VbwGr1nxo1yxWRCGVjnYgUdzi45Em8UOd4EdkcHEmM5oyoyjbqPz1d2ZgRJcXCWkzA2F0DTzAIA5BIFobFB9dFyrv4SCHQ-i9a5xWGtIlPwJwq5jU5xJ0YM1r2OYn29CRghmJxMRYMP7itRQY-x03i6OdvsZclKz3KtwuDI8M",
            "label": "example-instance-2",
            "main_ip": "45.76.87.96",
            "netmask_v4": "255.255.254.0",
            "os": "Ubuntu 22.04 x64",
            "os_id": 1743,
            "plan": "vc2-1c-1gb",
            "power_status": "stopped",
            "private_network_ids": [],
            "ram": 1024,
            "region": "fra",
            "reserved_ip_id": null,
            "script_id": null,
            "server_status": "locked",
            "snapshot_id": null,
            "ssh_key_ids": null,
            "status": "active",
            "tags": [],
            "timeouts": null,
            "user_data": null,
            "v6_main_ip": "",
            "v6_network": "",
            "v6_network_size": 0,
            "vcpu_count": 1,
            "vpc2_ids": null,
            "vpc_ids": []
          },
          "sensitive_attributes": [],
          "private": "eyJlMmJmYjczMC1lY2FhLTExZTYtOGY4OC0zNDM2M2JjN2M0YzAiOnsiY3JlYXRlIjozNjAwMDAwMDAwMDAwLCJ1cGRhdGUiOjM2MDAwMDAwMDAwMDB9fQ=="
        },
        {
          "index_key": 2,
          "status": "tainted",
          "schema_version": 0,
          "attributes": {
            "activation_email": null,
            "allowed_bandwidth": 1,
            "app_id": 0,
            "backups": "disabled",
            "backups_schedule": [],
            "date_created": "2023-11-30T15:29:10+00:00",
            "ddos_protection": false,
            "default_password": "{Mq2J+Q=uG(bZ5(C",
            "disk": 25,
            "enable_ipv6": null,
            "features": [],
            "firewall_group_id": "",
            "gateway_v4": "45.32.156.1",
            "hostname": "docker-vm",
            "id": "9dbd1164-e302-4af6-9214-1c4a77f43091",
            "image_id": null,
            "internal_ip": "",
            "iso_id": null,
            "kvm": "https://my.vultr.com/subs/vps/novnc/api.php?data=djJ8QllzSlNGZzR6bG5hYUhLRTBFajlYTkJLNWVjck5vSUF8sIUrwBugxlo8m5O4rQb7bTthkTksvXh3tRtxlYJjLsgG1GC-JcvkCMcFW_0x3yDJkkE9SJHhL8tWr4RTVtJ462u8I39JbN0YrOO7n9LPG04SqhOygSYUFy0FgVr-9eZgNQceQCeIX1bCsRjju0i81b3Kbjg85oNvXhQ4pbIR8HQvr0XHAXp_fBivDUWIFE4Q_HXzb_n7X2gLk2qK_nkuyhP0ZDQ",
            "label": "example-instance-3",
            "main_ip": "45.32.156.113",
            "netmask_v4": "255.255.252.0",
            "os": "Ubuntu 22.04 x64",
            "os_id": 1743,
            "plan": "vc2-1c-1gb",
            "power_status": "stopped",
            "private_network_ids": [],
            "ram": 1024,
            "region": "fra",
            "reserved_ip_id": null,
            "script_id": null,
            "server_status": "locked",
            "snapshot_id": null,
            "ssh_key_ids": null,
            "status": "active",
            "tags": [],
            "timeouts": null,
            "user_data": null,
            "v6_main_ip": "",
            "v6_network": "",
            "v6_network_size": 0,
            "vcpu_count": 1,
            "vpc2_ids": null,
            "vpc_ids": []
          },
          "sensitive_attributes": [],
          "private": "eyJlMmJmYjczMC1lY2FhLTExZTYtOGY4OC0zNDM2M2JjN2M0YzAiOnsiY3JlYXRlIjozNjAwMDAwMDAwMDAwLCJ1cGRhdGUiOjM2MDAwMDAwMDAwMDB9fQ=="
        }
      ]
    }
  ],
  "check_results": null
}
