{
  "version": 4,
  "terraform_version": "1.6.4",
  "serial": 40,
  "lineage": "181ee1ef-d5f5-669f-0257-c96c6b9db1bd",
  "outputs": {
    "server_ip": {
      "value": "199.247.20.107",
      "type": "string"
    }
  },
  "resources": [
    {
      "mode": "managed",
      "type": "null_resource",
      "name": "execute_command",
      "provider": "provider[\"registry.terraform.io/hashicorp/null\"]",
      "instances": [
        {
          "schema_version": 0,
          "attributes": {
            "id": "7481457278331951687",
            "triggers": null
          },
          "sensitive_attributes": [],
          "dependencies": [
            "vultr_instance.example_server",
            "vultr_ssh_key.example",
            "vultr_startup_script.my_script"
          ]
        }
      ]
    },
    {
      "mode": "managed",
      "type": "null_resource",
      "name": "mysql_container",
      "provider": "provider[\"registry.terraform.io/hashicorp/null\"]",
      "instances": [
        {
          "schema_version": 0,
          "attributes": {
            "id": "3414013293673860031",
            "triggers": null
          },
          "sensitive_attributes": [],
          "dependencies": [
            "null_resource.execute_command",
            "vultr_instance.example_server",
            "vultr_ssh_key.example",
            "vultr_startup_script.my_script"
          ]
        }
      ]
    },
    {
      "mode": "managed",
      "type": "null_resource",
      "name": "wordpress_container",
      "provider": "provider[\"registry.terraform.io/hashicorp/null\"]",
      "instances": [
        {
          "schema_version": 0,
          "attributes": {
            "id": "8604835239500054337",
            "triggers": null
          },
          "sensitive_attributes": [],
          "dependencies": [
            "null_resource.execute_command",
            "null_resource.mysql_container",
            "vultr_instance.example_server",
            "vultr_ssh_key.example",
            "vultr_startup_script.my_script"
          ]
        }
      ]
    },
    {
      "mode": "managed",
      "type": "vultr_instance",
      "name": "example_server",
      "provider": "provider[\"registry.terraform.io/vultr/vultr\"]",
      "instances": [
        {
          "schema_version": 0,
          "attributes": {
            "activation_email": null,
            "allowed_bandwidth": 1,
            "app_id": 0,
            "backups": "disabled",
            "backups_schedule": [],
            "date_created": "2023-11-30T15:10:43+00:00",
            "ddos_protection": false,
            "default_password": ",8pAj-ak}QJ?X8RD",
            "disk": 25,
            "enable_ipv6": null,
            "features": [],
            "firewall_group_id": "",
            "gateway_v4": "199.247.20.1",
            "hostname": "docker-vm",
            "id": "6cbdb5bd-f2b7-4df0-9e41-d8b669950260",
            "image_id": null,
            "internal_ip": "",
            "iso_id": null,
            "kvm": "https://my.vultr.com/subs/vps/novnc/api.php?data=djJ8YktyZWlTckl1aGhEWWlNWnNEbjFTd3hHVGlLWEduSzd8_Nusj2r6LaRIfGTjLaCczzCB4MqLae2d1R_27w61lpVG-z-1JXlPVqiaaXIlJ4ad7QWfTfkBqPo_VKaWJkX6sB0L-wKL1E-K0hMFIRY808OW_TJGh2M-r3McOzMp6A-ZYeGr3jTbGn3XUy6wPbJ7UalKkxDP5sXyJuLpyXcHd2up8YkZVd1bbGwDEfC9G4hHpwrxNyXq2zJYhwc",
            "label": "docker-vm",
            "main_ip": "199.247.20.107",
            "netmask_v4": "255.255.254.0",
            "os": "Ubuntu 22.04 x64",
            "os_id": 1743,
            "plan": "vc2-1c-1gb",
            "power_status": "running",
            "private_network_ids": [],
            "ram": 1024,
            "region": "fra",
            "reserved_ip_id": null,
            "script_id": "a0bcdbae-f6b1-43e6-bebb-96014b1f3c5f",
            "server_status": "installingbooting",
            "snapshot_id": null,
            "ssh_key_ids": [
              "41c8b97b-3800-4406-b011-67412d0ad28e"
            ],
            "status": "active",
            "tags": null,
            "timeouts": null,
            "user_data": null,
            "v6_main_ip": "",
            "v6_network": "",
            "v6_network_size": 0,
            "vcpu_count": 1,
            "vpc2_ids": null,
            "vpc_ids": []
          },
          "sensitive_attributes": [],
          "private": "eyJlMmJmYjczMC1lY2FhLTExZTYtOGY4OC0zNDM2M2JjN2M0YzAiOnsiY3JlYXRlIjozNjAwMDAwMDAwMDAwLCJ1cGRhdGUiOjM2MDAwMDAwMDAwMDB9fQ==",
          "dependencies": [
            "vultr_ssh_key.example",
            "vultr_startup_script.my_script"
          ]
        }
      ]
    },
    {
      "mode": "managed",
      "type": "vultr_instance_ipv4",
      "name": "my_instance_ipv4",
      "provider": "provider[\"registry.terraform.io/vultr/vultr\"]",
      "instances": [
        {
          "schema_version": 0,
          "attributes": {
            "gateway": null,
            "id": "136.244.87.5",
            "instance_id": "6cbdb5bd-f2b7-4df0-9e41-d8b669950260",
            "ip": "136.244.87.5",
            "netmask": null,
            "reboot": false,
            "reverse": "136.244.87.5.vultrusercontent.com"
          },
          "sensitive_attributes": [],
          "private": "bnVsbA==",
          "dependencies": [
            "vultr_instance.example_server",
            "vultr_ssh_key.example",
            "vultr_startup_script.my_script"
          ]
        }
      ]
    },
    {
      "mode": "managed",
      "type": "vultr_ssh_key",
      "name": "example",
      "provider": "provider[\"registry.terraform.io/vultr/vultr\"]",
      "instances": [
        {
          "schema_version": 0,
          "attributes": {
            "date_created": "2023-11-30T15:10:41+00:00",
            "id": "41c8b97b-3800-4406-b011-67412d0ad28e",
            "name": "example created from terraform",
            "ssh_key": "ssh-rsa AAAAB3NzaC1yc2EAAAADAQABAAACAQDWeK+xZixocqhqgCGPOKHt2qhm6TzbT24qWbE/XOI7uXEsFhsQkLbdI6CQp9Mmu8LCLqsj59PbJOnUFVCwKp+N+V5GjzxordVelffIveYKkqeh05E+6BxbyNeit25wyQIGZ/ELBPuHN3izGI0nOdjSoQ9fEy8GyjHMWOul3A4w8g3F9zB0DJf7/AL9cwiuiqEB57Vj4EIgxYPQK2y26sLV1Ot8xOatm5KuoHRmvwxpcnkfjNV/MRaFzAYW1GwKSWOApDfDzrzrAMc////8DhpkEJ1GNQjVknNsBKwPe4kprVRHALNUBB3NzjS1S8n64mh0UbhQcraI6RkYV7+sNw48JpQMpanTU3URbobzufBSr5dRtbrLsLfGc22l4cuONUIr+jl4/jbddOlUMR8wHWc57g8frEXHm+CveBrpnvg52h0bUpdwWKpZl15Ns1u+4j/7sY0xKlkHZklKvUWv63n4xuF45SKvUyz4AOhaohgosLJ4AIC3P+AGph8pi/gDrooMDCgNOoTlWa4nhoWu2Ey36I00n/L01vzZWjJcUUrd3y3+4Wn6WEhZ+ZrMJLnAgzt9c3BBoWRwkFEENtlNGT/AOjYUy5HGBpb7wxEd6/y7eyBtDAH5sAXFgivj9MI53rSyvAOzl6tRZaaJXEeGhnG4ea3wl6GP+0nJEsKV/haZmw== terraform example"
          },
          "sensitive_attributes": [],
          "private": "bnVsbA=="
        }
      ]
    },
    {
      "mode": "managed",
      "type": "vultr_startup_script",
      "name": "my_script",
      "provider": "provider[\"registry.terraform.io/vultr/vultr\"]",
      "instances": [
        {
          "schema_version": 0,
          "attributes": {
            "date_created": "2023-11-30T15:10:42+00:00",
            "date_modified": "2023-11-30T15:10:42+00:00",
            "id": "a0bcdbae-f6b1-43e6-bebb-96014b1f3c5f",
            "name": "install docker",
            "script": "IGVjaG8gImhlbGxvIg==",
            "type": "boot"
          },
          "sensitive_attributes": [],
          "private": "bnVsbA=="
        }
      ]
    }
  ],
  "check_results": null
}
