{
  "version": 4,
  "terraform_version": "1.6.4",
  "serial": 64,
  "lineage": "181ee1ef-d5f5-669f-0257-c96c6b9db1bd",
  "outputs": {},
  "resources": [
    {
      "mode": "managed",
      "type": "vultr_instance",
      "name": "example_server",
      "provider": "provider[\"registry.terraform.io/vultr/vultr\"]",
      "instances": [
        {
          "index_key": 0,
          "schema_version": 0,
          "attributes": {
            "activation_email": null,
            "allowed_bandwidth": 1,
            "app_id": 0,
            "backups": "disabled",
            "backups_schedule": [],
            "date_created": "2023-11-30T15:30:42+00:00",
            "ddos_protection": false,
            "default_password": "5e?Gwi3Lt]mccpn-",
            "disk": 25,
            "enable_ipv6": null,
            "features": [],
            "firewall_group_id": "",
            "gateway_v4": "95.179.252.1",
            "hostname": "docker-vm",
            "id": "42eb2c0c-dbec-491f-bdfc-0a616ba8fe6d",
            "image_id": null,
            "internal_ip": "",
            "iso_id": null,
            "kvm": "https://my.vultr.com/subs/vps/novnc/api.php?data=djJ8Y2dJeURudzhtTmJ6V3ZvWUpyelRKQ1NUS0tqY2hDZUh8-LX4Ih9fVU8dMAipZ6UKrRlugf-f52ziJrvA_ZFA9FIkwGcEjLOhxSvsn1yooUp7l8r7dltux9pOsoQysblxCUw-wQiGttjykKM4n-dBgdyBQ9sLZGFcGHW90gVG64ZWwrJo3ZjU1Yot0aPbAIy77OVYptzg5U_R3kaci_TkUjZLdUl0ALRD8KtW_Y-9cT2ZrfdVAONUBjKtyxTHRSlp9Af80Q",
            "label": "example-instance-1",
            "main_ip": "95.179.252.189",
            "netmask_v4": "255.255.254.0",
            "os": "Ubuntu 22.04 x64",
            "os_id": 1743,
            "plan": "vc2-1c-1gb",
            "power_status": "running",
            "private_network_ids": [],
            "ram": 1024,
            "region": "fra",
            "reserved_ip_id": null,
            "script_id": null,
            "server_status": "installingbooting",
            "snapshot_id": null,
            "ssh_key_ids": null,
            "status": "active",
            "tags": null,
            "timeouts": null,
            "user_data": null,
            "v6_main_ip": "",
            "v6_network": "",
            "v6_network_size": 0,
            "vcpu_count": 1,
            "vpc2_ids": null,
            "vpc_ids": []
          },
          "sensitive_attributes": [],
          "private": "eyJlMmJmYjczMC1lY2FhLTExZTYtOGY4OC0zNDM2M2JjN2M0YzAiOnsiY3JlYXRlIjozNjAwMDAwMDAwMDAwLCJ1cGRhdGUiOjM2MDAwMDAwMDAwMDB9fQ=="
        }
      ]
    }
  ],
  "check_results": null
}
