{
  "version": 4,
  "terraform_version": "1.6.4",
  "serial": 54,
  "lineage": "9cc6bacd-0fac-0f5c-04e0-7b435c56e312",
  "outputs": {
    "server_ip": {
      "value": "209.250.233.173",
      "type": "string"
    }
  },
  "resources": [
    {
      "mode": "managed",
      "type": "null_resource",
      "name": "execute_command",
      "provider": "provider[\"registry.terraform.io/hashicorp/null\"]",
      "instances": [
        {
          "status": "tainted",
          "schema_version": 0,
          "attributes": {
            "id": "2680500849656730314",
            "triggers": null
          },
          "sensitive_attributes": [],
          "dependencies": [
            "vultr_instance.example_server",
            "vultr_ssh_key.example",
            "vultr_startup_script.my_script"
          ]
        }
      ]
    },
    {
      "mode": "managed",
      "type": "vultr_instance",
      "name": "example_server",
      "provider": "provider[\"registry.terraform.io/vultr/vultr\"]",
      "instances": [
        {
          "schema_version": 0,
          "attributes": {
            "activation_email": null,
            "allowed_bandwidth": 1,
            "app_id": 0,
            "backups": "disabled",
            "backups_schedule": [],
            "date_created": "2023-11-30T14:19:18+00:00",
            "ddos_protection": false,
            "default_password": "N2!dZM2o,2zfi]Bq",
            "disk": 25,
            "enable_ipv6": null,
            "features": [],
            "firewall_group_id": "",
            "gateway_v4": "209.250.232.1",
            "hostname": "docker-vm",
            "id": "2a1da465-b1a3-47de-9b60-f933e2b6ac0e",
            "image_id": null,
            "internal_ip": "",
            "iso_id": null,
            "kvm": "https://my.vultr.com/subs/vps/novnc/api.php?data=djJ8Y3dWRmt5TnlmRk5IdVlrTXlNdjN2SEJSQUp5MEdfRUN80XwJ5_udnLT9geOzEifdK_eDK6g_8H8RQN_UUEATs__dUSxEd6bFPqZIZzEYl21ImAeckzmkAeSPHowYsAUKDaFsrV8XTp0JGFznXvJHvFRFwfzTfvQ6QbanFW1KZb9uApoJ4AaOYfeXilmh5I_vQL2lJwxRJHfaarZP6ZNln2ZhcsnVgRnQ-Du3tdWXFdp_OJEMf1qAm0oaS1Q",
            "label": "docker-vm",
            "main_ip": "209.250.233.173",
            "netmask_v4": "255.255.254.0",
            "os": "Ubuntu 22.04 x64",
            "os_id": 1743,
            "plan": "vc2-1c-1gb",
            "power_status": "running",
            "private_network_ids": [],
            "ram": 1024,
            "region": "fra",
            "reserved_ip_id": null,
            "script_id": "265b9158-5d58-4cec-9185-92d5a4b7ce7c",
            "server_status": "installingbooting",
            "snapshot_id": null,
            "ssh_key_ids": [
              "9ae52e97-70ca-4388-b17b-23c8204bf3d9"
            ],
            "status": "active",
            "tags": null,
            "timeouts": null,
            "user_data": null,
            "v6_main_ip": "",
            "v6_network": "",
            "v6_network_size": 0,
            "vcpu_count": 1,
            "vpc2_ids": null,
            "vpc_ids": []
          },
          "sensitive_attributes": [],
          "private": "eyJlMmJmYjczMC1lY2FhLTExZTYtOGY4OC0zNDM2M2JjN2M0YzAiOnsiY3JlYXRlIjozNjAwMDAwMDAwMDAwLCJ1cGRhdGUiOjM2MDAwMDAwMDAwMDB9fQ==",
          "dependencies": [
            "vultr_ssh_key.example",
            "vultr_startup_script.my_script"
          ]
        }
      ]
    },
    {
      "mode": "managed",
      "type": "vultr_instance_ipv4",
      "name": "my_instance_ipv4",
      "provider": "provider[\"registry.terraform.io/vultr/vultr\"]",
      "instances": [
        {
          "schema_version": 0,
          "attributes": {
            "gateway": null,
            "id": "108.61.178.70",
            "instance_id": "2a1da465-b1a3-47de-9b60-f933e2b6ac0e",
            "ip": "108.61.178.70",
            "netmask": null,
            "reboot": false,
            "reverse": "108.61.178.70.vultrusercontent.com"
          },
          "sensitive_attributes": [],
          "private": "bnVsbA==",
          "dependencies": [
            "vultr_instance.example_server",
            "vultr_ssh_key.example",
            "vultr_startup_script.my_script"
          ]
        }
      ]
    },
    {
      "mode": "managed",
      "type": "vultr_ssh_key",
      "name": "example",
      "provider": "provider[\"registry.terraform.io/vultr/vultr\"]",
      "instances": [
        {
          "schema_version": 0,
          "attributes": {
            "date_created": "2023-11-30T14:19:17+00:00",
            "id": "9ae52e97-70ca-4388-b17b-23c8204bf3d9",
            "name": "example created from terraform",
            "ssh_key": "ssh-rsa AAAAB3NzaC1yc2EAAAADAQABAAACAQDWeK+xZixocqhqgCGPOKHt2qhm6TzbT24qWbE/XOI7uXEsFhsQkLbdI6CQp9Mmu8LCLqsj59PbJOnUFVCwKp+N+V5GjzxordVelffIveYKkqeh05E+6BxbyNeit25wyQIGZ/ELBPuHN3izGI0nOdjSoQ9fEy8GyjHMWOul3A4w8g3F9zB0DJf7/AL9cwiuiqEB57Vj4EIgxYPQK2y26sLV1Ot8xOatm5KuoHRmvwxpcnkfjNV/MRaFzAYW1GwKSWOApDfDzrzrAMc////8DhpkEJ1GNQjVknNsBKwPe4kprVRHALNUBB3NzjS1S8n64mh0UbhQcraI6RkYV7+sNw48JpQMpanTU3URbobzufBSr5dRtbrLsLfGc22l4cuONUIr+jl4/jbddOlUMR8wHWc57g8frEXHm+CveBrpnvg52h0bUpdwWKpZl15Ns1u+4j/7sY0xKlkHZklKvUWv63n4xuF45SKvUyz4AOhaohgosLJ4AIC3P+AGph8pi/gDrooMDCgNOoTlWa4nhoWu2Ey36I00n/L01vzZWjJcUUrd3y3+4Wn6WEhZ+ZrMJLnAgzt9c3BBoWRwkFEENtlNGT/AOjYUy5HGBpb7wxEd6/y7eyBtDAH5sAXFgivj9MI53rSyvAOzl6tRZaaJXEeGhnG4ea3wl6GP+0nJEsKV/haZmw== terraform example"
          },
          "sensitive_attributes": [],
          "private": "bnVsbA=="
        }
      ]
    },
    {
      "mode": "managed",
      "type": "vultr_startup_script",
      "name": "my_script",
      "provider": "provider[\"registry.terraform.io/vultr/vultr\"]",
      "instances": [
        {
          "schema_version": 0,
          "attributes": {
            "date_created": "2023-11-30T14:19:17+00:00",
            "date_modified": "2023-11-30T14:19:17+00:00",
            "id": "265b9158-5d58-4cec-9185-92d5a4b7ce7c",
            "name": "install docker",
            "script": "IGVjaG8gImhlbGxvIg==",
            "type": "boot"
          },
          "sensitive_attributes": [],
          "private": "bnVsbA=="
        }
      ]
    }
  ],
  "check_results": null
}
